
Microsoft Visual Studio Solution File, Format Version 12.00
# Visual Studio Version 16
VisualStudioVersion = 16.0.31410.357
MinimumVisualStudioVersion = 10.0.40219.1
Project("{FAE04EC0-301F-11D3-BF4B-00C04F79EFBC}") = "MC1.DAL", "MC1.DAL.csproj", "{EAB182D5-95C7-40BF-8367-17F90915B2CB}"
EndProject
Global
	GlobalSection(SolutionConfigurationPlatforms) = preSolution
		Debug|Any CPU = Debug|Any CPU
		Release|Any CPU = Release|Any CPU
	EndGlobalSection
	GlobalSection(ProjectConfigurationPlatforms) = postSolution
		{EAB182D5-95C7-40BF-8367-17F90915B2CB}.Debug|Any CPU.ActiveCfg = Debug|Any CPU
		{EAB182D5-95C7-40BF-8367-17F90915B2CB}.Debug|Any CPU.Build.0 = Debug|Any CPU
		{EAB182D5-95C7-40BF-8367-17F90915B2CB}.Release|Any CPU.ActiveCfg = Release|Any CPU
		{EAB182D5-95C7-40BF-8367-17F90915B2CB}.Release|Any CPU.Build.0 = Release|Any CPU
	EndGlobalSection
	GlobalSection(SolutionProperties) = preSolution
		HideSolutionNode = FALSE
	EndGlobalSection
	GlobalSection(ExtensibilityGlobals) = postSolution
		SolutionGuid = {BD6FBF43-3BFD-488B-B2A6-72155CC0A560}
	EndGlobalSection
EndGlobal
